<?xml version="1.0" encoding="UTF-8" standalone="yes" ?>
<CodeBlocks_project_file>
	<FileVersion major="1" minor="6" />
	<Project>
		<Option title="DavkoveMazaniSouboru" />
		<Option compiler="tdm_gnu_gcc_compiler" />
		<Build>
			<Target title="Release Static EN">
				<Option output="bin/Release/BatchFileDelete" prefix_auto="1" extension_auto="1" />
				<Option object_output="obj/Release/" />
				<Option type="0" />
				<Option compiler="tdm_gnu_gcc_compiler" />
				<Option projectLinkerOptionsRelation="2" />
				<Compiler>
					<Add option="-fexpensive-optimizations" />
					<Add option="-Os" />
					<Add option="-DSTRINGS_ENGLISH" />
					<Add directory="C:/lib/wxWidgets-3.0.3/lib/gcc_lib/mswu" />
				</Compiler>
				<ResourceCompiler>
					<Add directory="C:/lib/wxWidgets-3.0.3/lib/gcc_lib/mswu" />
				</ResourceCompiler>
				<Linker>
					<Add option="-s" />
					<Add library="libwxmsw30u_core.a" />
					<Add library="libwxbase30u.a" />
					<Add library="libwxmsw30u_adv.a" />
					<Add library="libwxpng.a" />
					<Add library="libwxzlib.a" />
					<Add library="libwxjpeg.a" />
					<Add library="libwxtiff.a" />
					<Add directory="C:/lib/wxWidgets-3.0.3/lib/gcc_lib" />
				</Linker>
			</Target>
			<Target title="Release Static CZ">
				<Option output="bin/Release/DavkoveMazaniSouboru" prefix_auto="1" extension_auto="1" />
				<Option object_output="obj/Release/" />
				<Option type="0" />
				<Option compiler="tdm_gnu_gcc_compiler" />
				<Option projectLinkerOptionsRelation="2" />
				<Compiler>
					<Add option="-fexpensive-optimizations" />
					<Add option="-Os" />
					<Add option="-DSTRINGS_CZECH" />
					<Add directory="C:/lib/wxWidgets-3.0.3/lib/gcc_lib/mswu" />
				</Compiler>
				<ResourceCompiler>
					<Add directory="C:/lib/wxWidgets-3.0.3/lib/gcc_lib/mswu" />
				</ResourceCompiler>
				<Linker>
					<Add option="-s" />
					<Add library="libwxmsw30u_core.a" />
					<Add library="libwxbase30u.a" />
					<Add library="libwxmsw30u_adv.a" />
					<Add library="libwxpng.a" />
					<Add library="libwxzlib.a" />
					<Add library="libwxjpeg.a" />
					<Add library="libwxtiff.a" />
					<Add directory="C:/lib/wxWidgets-3.0.3/lib/gcc_lib" />
				</Linker>
			</Target>
			<Target title="Debug Wx Monolithic DLL EN">
				<Option output="bin/DebugMonolithDll/BatchFileDelete" prefix_auto="1" extension_auto="1" />
				<Option object_output="obj/DebugMonolithDll/" />
				<Option type="1" />
				<Option compiler="tdm_gnu_gcc_compiler" />
				<Option use_console_runner="0" />
				<Option projectLinkerOptionsRelation="2" />
				<Compiler>
					<Add option="-g" />
					<Add option="-DSTRINGS_ENGLISH" />
					<Add directory="C:/lib/wxWidgets-3.0.3/lib/gcc_dll/mswud" />
				</Compiler>
				<ResourceCompiler>
					<Add directory="C:/lib/wxWidgets-3.0.3/lib/gcc_dll/mswud" />
				</ResourceCompiler>
				<Linker>
					<Add library="libwxmsw30ud.a" />
					<Add directory="C:/lib/wxWidgets-3.0.3/lib/gcc_dll" />
				</Linker>
			</Target>
			<Target title="Debug Wx Monolithic DLL CZ">
				<Option output="bin/DebugMonolithDll/DavkoveMazaniSouboru" prefix_auto="1" extension_auto="1" />
				<Option object_output="obj/DebugMonolithDll/" />
				<Option type="1" />
				<Option compiler="tdm_gnu_gcc_compiler" />
				<Option use_console_runner="0" />
				<Option projectLinkerOptionsRelation="2" />
				<Compiler>
					<Add option="-g" />
					<Add option="-DSTRINGS_CZECH" />
					<Add directory="C:/lib/wxWidgets-3.0.3/lib/gcc_dll/mswud" />
				</Compiler>
				<ResourceCompiler>
					<Add directory="C:/lib/wxWidgets-3.0.3/lib/gcc_dll/mswud" />
				</ResourceCompiler>
				<Linker>
					<Add library="libwxmsw30ud.a" />
					<Add directory="C:/lib/wxWidgets-3.0.3/lib/gcc_dll" />
				</Linker>
			</Target>
			<Target title="Debug Static EN">
				<Option output="bin/Debug/BatchFileDelete" prefix_auto="1" extension_auto="1" />
				<Option object_output="obj/Debug/" />
				<Option type="1" />
				<Option compiler="tdm_gnu_gcc_compiler" />
				<Option use_console_runner="0" />
				<Option projectLinkerOptionsRelation="2" />
				<Compiler>
					<Add option="-g" />
					<Add option="-DSTRINGS_ENGLISH" />
					<Add directory="C:/lib/wxWidgets-3.0.3/lib/gcc_lib/mswu" />
				</Compiler>
				<ResourceCompiler>
					<Add directory="C:/lib/wxWidgets-3.0.3/lib/gcc_lib/mswu" />
				</ResourceCompiler>
				<Linker>
					<Add library="libwxmsw30u_core.a" />
					<Add library="libwxbase30u.a" />
					<Add library="libwxmsw30ud_adv.a" />
					<Add library="libwxpng.a" />
					<Add library="libwxzlib.a" />
					<Add library="libwxjpegd.a" />
					<Add library="libwxtiffd.a" />
					<Add directory="C:/lib/wxWidgets-3.0.3/lib/gcc_lib" />
				</Linker>
			</Target>
			<Target title="Release Wx DLL EN">
				<Option output="bin/ReleaseDll/DavkoveMazaniSouboru" prefix_auto="1" extension_auto="1" />
				<Option object_output="obj/ReleaseDll/" />
				<Option type="0" />
				<Option compiler="tdm_gnu_gcc_compiler" />
				<Option projectLinkerOptionsRelation="2" />
				<Compiler>
					<Add option="-O2" />
					<Add option="-DSTRINGS_ENGLISH" />
					<Add directory="C:/lib/wxWidgets-3.0.3/lib/gcc_dll/mswu" />
				</Compiler>
				<ResourceCompiler>
					<Add directory="C:/lib/wxWidgets-3.0.3/lib/gcc_dll/mswu" />
				</ResourceCompiler>
				<Linker>
					<Add option="-s" />
					<Add library="libwxbase30u.a" />
					<Add library="libwxmsw30u_core.a" />
					<Add library="libwxmsw30u_adv.a" />
					<Add library="libwxjpeg.a" />
					<Add library="libwxpng.a" />
					<Add library="libwxtiff.a" />
					<Add library="libwxzlib.a" />
					<Add directory="C:/lib/wxWidgets-3.0.3/lib/gcc_dll" />
				</Linker>
			</Target>
		</Build>
		<Compiler>
			<Add option="-Wall" />
			<Add option="-std=c++11" />
			<Add option="-m64" />
			<Add option="-pipe" />
			<Add option="-mthreads" />
			<Add option="-Winvalid-pch" />
			<Add option="-include wx_pch.h" />
			<Add option="-Wno-deprecated-declarations" />
			<Add option="-D__GNUWIN32__" />
			<Add option="-D__WXMSW__" />
			<Add option="-DwxUSE_UNICODE" />
			<Add option="-DWX_PRECOMP" />
			<Add directory="C:/lib/wxWidgets-3.0.3/include" />
		</Compiler>
		<ResourceCompiler>
			<Add directory="C:/lib/wxWidgets-3.0.3/include" />
		</ResourceCompiler>
		<Linker>
			<Add option="-m64" />
			<Add option="-mthreads" />
			<Add library="libkernel32.a" />
			<Add library="libuser32.a" />
			<Add library="libgdi32.a" />
			<Add library="libwinspool.a" />
			<Add library="libcomdlg32.a" />
			<Add library="libadvapi32.a" />
			<Add library="libshell32.a" />
			<Add library="libole32.a" />
			<Add library="liboleaut32.a" />
			<Add library="libuuid.a" />
			<Add library="libcomctl32.a" />
			<Add library="libwsock32.a" />
			<Add library="libodbc32.a" />
		</Linker>
		<Unit filename="DavkoveMazaniSouboruApp.cpp" />
		<Unit filename="DavkoveMazaniSouboruApp.h" />
		<Unit filename="DavkoveMazaniSouboruMain.cpp" />
		<Unit filename="DavkoveMazaniSouboruMain.h" />
		<Unit filename="FilesToDelete.cpp" />
		<Unit filename="FilesToDelete.h" />
		<Unit filename="ProjectConstants.h" />
		<Unit filename="Translations.h" />
		<Unit filename="resource.rc">
			<Option compilerVar="WINDRES" />
		</Unit>
		<Unit filename="wx_pch.h">
			<Option compile="1" />
			<Option weight="0" />
		</Unit>
		<Unit filename="wxsmith/DavkoveMazaniSouboruframe.wxs" />
		<Extensions>
			<code_completion />
			<envvars />
			<debugger />
			<wxsmith version="1">
				<gui name="wxWidgets" src="DavkoveMazaniSouboruApp.cpp" main="DavkoveMazaniSouboruFrame" init_handlers="necessary" language="CPP" />
				<resources>
					<wxFrame wxs="wxsmith/DavkoveMazaniSouboruframe.wxs" src="DavkoveMazaniSouboruMain.cpp" hdr="DavkoveMazaniSouboruMain.h" fwddecl="0" i18n="1" name="DavkoveMazaniSouboruFrame" language="CPP" />
				</resources>
			</wxsmith>
		</Extensions>
	</Project>
</CodeBlocks_project_file>
